
Microsoft Visual Studio Solution File, Format Version 12.00
# Visual Studio Version 17
VisualStudioVersion = 17.5.002.0
MinimumVisualStudioVersion = 10.0.40219.1
Project("{2150E333-8FDC-42A3-9474-1A3956D46DE8}") = "csharp-prep", "csharp-prep", "{24619C1F-2A64-4F0E-AD77-BA1779D405CC}"
EndProject
Project("{9A19103F-16F7-4668-BE54-9A1E7A4F7556}") = "Prep1", "csharp-prep\Prep1\Prep1.csproj", "{22EB32DC-B8D6-4FB2-B2B0-72774B7C2AE2}"
EndProject
Project("{9A19103F-16F7-4668-BE54-9A1E7A4F7556}") = "Prep2", "csharp-prep\Prep2\Prep2.csproj", "{DB3A0237-DDFA-4AAC-ACF8-429AE5F427D1}"
EndProject
Project("{9A19103F-16F7-4668-BE54-9A1E7A4F7556}") = "Prep3", "csharp-prep\Prep3\Prep3.csproj", "{32392BEF-0C22-44E9-A755-0C7041E8CE5E}"
EndProject
Project("{9A19103F-16F7-4668-BE54-9A1E7A4F7556}") = "Prep4", "csharp-prep\Prep4\Prep4.csproj", "{B2FFD2F4-3B7A-4976-B8B7-33DDE0E89421}"
EndProject
Project("{9A19103F-16F7-4668-BE54-9A1E7A4F7556}") = "Prep5", "csharp-prep\Prep5\Prep5.csproj", "{A14FEFB1-DBFA-445C-887C-C149FA349479}"
EndProject
Project("{2150E333-8FDC-42A3-9474-1A3956D46DE8}") = "final", "final", "{FD0A457F-ECD0-48F0-A2C1-FD92C67F6264}"
EndProject
Project("{9A19103F-16F7-4668-BE54-9A1E7A4F7556}") = "FinalProject", "final\FinalProject\FinalProject.csproj", "{F320C05D-A629-46C9-B7D7-D7A8DA31841E}"
EndProject
Project("{9A19103F-16F7-4668-BE54-9A1E7A4F7556}") = "Foundation1", "final\Foundation1\Foundation1.csproj", "{6CE082C4-25A7-4B9D-9569-F9B79D8E491B}"
EndProject
Project("{9A19103F-16F7-4668-BE54-9A1E7A4F7556}") = "Foundation2", "final\Foundation2\Foundation2.csproj", "{53448793-CBA8-4EA5-9CB8-DCDB4882F305}"
EndProject
Project("{9A19103F-16F7-4668-BE54-9A1E7A4F7556}") = "Foundation3", "final\Foundation3\Foundation3.csproj", "{C53506CB-24C1-4A39-A6FF-418FE28EFD33}"
EndProject
Project("{9A19103F-16F7-4668-BE54-9A1E7A4F7556}") = "Foundation4", "final\Foundation4\Foundation4.csproj", "{224E375D-C375-4A72-A571-7648E605C4A5}"
EndProject
Project("{2150E333-8FDC-42A3-9474-1A3956D46DE8}") = "prepare", "prepare", "{E4B8B6E0-594D-4A40-AB5B-3E562FFEFB63}"
EndProject
Project("{9A19103F-16F7-4668-BE54-9A1E7A4F7556}") = "Learning02", "prepare\Learning02\Learning02.csproj", "{318ECA2C-A696-49E1-B7B3-9CBFFE920144}"
EndProject
Project("{9A19103F-16F7-4668-BE54-9A1E7A4F7556}") = "Learning03", "prepare\Learning03\Learning03.csproj", "{A080FC55-7E49-482A-84C8-3D08416D1570}"
EndProject
Project("{9A19103F-16F7-4668-BE54-9A1E7A4F7556}") = "Learning04", "prepare\Learning04\Learning04.csproj", "{F98A1E6D-4E18-4A8D-BC7B-7445FFF1FD54}"
EndProject
Project("{9A19103F-16F7-4668-BE54-9A1E7A4F7556}") = "Learning05", "prepare\Learning05\Learning05.csproj", "{DE519C70-4068-4E0B-B4CC-52686A1065FA}"
EndProject
Project("{2150E333-8FDC-42A3-9474-1A3956D46DE8}") = "prove", "prove", "{AA25E1B8-E19D-4ACC-99B2-C259692FDEF1}"
EndProject
Project("{9A19103F-16F7-4668-BE54-9A1E7A4F7556}") = "Develop02", "prove\Develop02\Develop02.csproj", "{973306CE-556E-410F-AEA5-138C86843839}"
EndProject
Project("{9A19103F-16F7-4668-BE54-9A1E7A4F7556}") = "Develop03", "prove\Develop03\Develop03.csproj", "{9B292521-90DC-4439-B734-72A29E598FBA}"
EndProject
Project("{9A19103F-16F7-4668-BE54-9A1E7A4F7556}") = "Develop04", "prove\Develop04\Develop04.csproj", "{B96EB2A6-5FEB-494D-97E2-C1866A7E70BA}"
EndProject
Project("{9A19103F-16F7-4668-BE54-9A1E7A4F7556}") = "Develop05", "prove\Develop05\Develop05.csproj", "{62977B10-DB0B-4EF1-AD56-0307FC0C10B1}"
EndProject
Project("{2150E333-8FDC-42A3-9474-1A3956D46DE8}") = "sandbox", "sandbox", "{7EDB0E71-8B09-4E33-8AC1-49E024C1CE89}"
EndProject
Project("{9A19103F-16F7-4668-BE54-9A1E7A4F7556}") = "Sandbox", "sandbox\Sandbox\Sandbox.csproj", "{3128FC47-1FE6-4C2B-A060-20F9CB5BD9C1}"
EndProject
Global
	GlobalSection(SolutionConfigurationPlatforms) = preSolution
		Debug|Any CPU = Debug|Any CPU
		Release|Any CPU = Release|Any CPU
	EndGlobalSection
	GlobalSection(ProjectConfigurationPlatforms) = postSolution
		{22EB32DC-B8D6-4FB2-B2B0-72774B7C2AE2}.Debug|Any CPU.ActiveCfg = Debug|Any CPU
		{22EB32DC-B8D6-4FB2-B2B0-72774B7C2AE2}.Debug|Any CPU.Build.0 = Debug|Any CPU
		{22EB32DC-B8D6-4FB2-B2B0-72774B7C2AE2}.Release|Any CPU.ActiveCfg = Release|Any CPU
		{22EB32DC-B8D6-4FB2-B2B0-72774B7C2AE2}.Release|Any CPU.Build.0 = Release|Any CPU
		{DB3A0237-DDFA-4AAC-ACF8-429AE5F427D1}.Debug|Any CPU.ActiveCfg = Debug|Any CPU
		{DB3A0237-DDFA-4AAC-ACF8-429AE5F427D1}.Debug|Any CPU.Build.0 = Debug|Any CPU
		{DB3A0237-DDFA-4AAC-ACF8-429AE5F427D1}.Release|Any CPU.ActiveCfg = Release|Any CPU
		{DB3A0237-DDFA-4AAC-ACF8-429AE5F427D1}.Release|Any CPU.Build.0 = Release|Any CPU
		{32392BEF-0C22-44E9-A755-0C7041E8CE5E}.Debug|Any CPU.ActiveCfg = Debug|Any CPU
		{32392BEF-0C22-44E9-A755-0C7041E8CE5E}.Debug|Any CPU.Build.0 = Debug|Any CPU
		{32392BEF-0C22-44E9-A755-0C7041E8CE5E}.Release|Any CPU.ActiveCfg = Release|Any CPU
		{32392BEF-0C22-44E9-A755-0C7041E8CE5E}.Release|Any CPU.Build.0 = Release|Any CPU
		{B2FFD2F4-3B7A-4976-B8B7-33DDE0E89421}.Debug|Any CPU.ActiveCfg = Debug|Any CPU
		{B2FFD2F4-3B7A-4976-B8B7-33DDE0E89421}.Debug|Any CPU.Build.0 = Debug|Any CPU
		{B2FFD2F4-3B7A-4976-B8B7-33DDE0E89421}.Release|Any CPU.ActiveCfg = Release|Any CPU
		{B2FFD2F4-3B7A-4976-B8B7-33DDE0E89421}.Release|Any CPU.Build.0 = Release|Any CPU
		{A14FEFB1-DBFA-445C-887C-C149FA349479}.Debug|Any CPU.ActiveCfg = Debug|Any CPU
		{A14FEFB1-DBFA-445C-887C-C149FA349479}.Debug|Any CPU.Build.0 = Debug|Any CPU
		{A14FEFB1-DBFA-445C-887C-C149FA349479}.Release|Any CPU.ActiveCfg = Release|Any CPU
		{A14FEFB1-DBFA-445C-887C-C149FA349479}.Release|Any CPU.Build.0 = Release|Any CPU
		{F320C05D-A629-46C9-B7D7-D7A8DA31841E}.Debug|Any CPU.ActiveCfg = Debug|Any CPU
		{F320C05D-A629-46C9-B7D7-D7A8DA31841E}.Debug|Any CPU.Build.0 = Debug|Any CPU
		{F320C05D-A629-46C9-B7D7-D7A8DA31841E}.Release|Any CPU.ActiveCfg = Release|Any CPU
		{F320C05D-A629-46C9-B7D7-D7A8DA31841E}.Release|Any CPU.Build.0 = Release|Any CPU
		{6CE082C4-25A7-4B9D-9569-F9B79D8E491B}.Debug|Any CPU.ActiveCfg = Debug|Any CPU
		{6CE082C4-25A7-4B9D-9569-F9B79D8E491B}.Debug|Any CPU.Build.0 = Debug|Any CPU
		{6CE082C4-25A7-4B9D-9569-F9B79D8E491B}.Release|Any CPU.ActiveCfg = Release|Any CPU
		{6CE082C4-25A7-4B9D-9569-F9B79D8E491B}.Release|Any CPU.Build.0 = Release|Any CPU
		{53448793-CBA8-4EA5-9CB8-DCDB4882F305}.Debug|Any CPU.ActiveCfg = Debug|Any CPU
		{53448793-CBA8-4EA5-9CB8-DCDB4882F305}.Debug|Any CPU.Build.0 = Debug|Any CPU
		{53448793-CBA8-4EA5-9CB8-DCDB4882F305}.Release|Any CPU.ActiveCfg = Release|Any CPU
		{53448793-CBA8-4EA5-9CB8-DCDB4882F305}.Release|Any CPU.Build.0 = Release|Any CPU
		{C53506CB-24C1-4A39-A6FF-418FE28EFD33}.Debug|Any CPU.ActiveCfg = Debug|Any CPU
		{C53506CB-24C1-4A39-A6FF-418FE28EFD33}.Debug|Any CPU.Build.0 = Debug|Any CPU
		{C53506CB-24C1-4A39-A6FF-418FE28EFD33}.Release|Any CPU.ActiveCfg = Release|Any CPU
		{C53506CB-24C1-4A39-A6FF-418FE28EFD33}.Release|Any CPU.Build.0 = Release|Any CPU
		{224E375D-C375-4A72-A571-7648E605C4A5}.Debug|Any CPU.ActiveCfg = Debug|Any CPU
		{224E375D-C375-4A72-A571-7648E605C4A5}.Debug|Any CPU.Build.0 = Debug|Any CPU
		{224E375D-C375-4A72-A571-7648E605C4A5}.Release|Any CPU.ActiveCfg = Release|Any CPU
		{224E375D-C375-4A72-A571-7648E605C4A5}.Release|Any CPU.Build.0 = Release|Any CPU
		{318ECA2C-A696-49E1-B7B3-9CBFFE920144}.Debug|Any CPU.ActiveCfg = Debug|Any CPU
		{318ECA2C-A696-49E1-B7B3-9CBFFE920144}.Debug|Any CPU.Build.0 = Debug|Any CPU
		{318ECA2C-A696-49E1-B7B3-9CBFFE920144}.Release|Any CPU.ActiveCfg = Release|Any CPU
		{318ECA2C-A696-49E1-B7B3-9CBFFE920144}.Release|Any CPU.Build.0 = Release|Any CPU
		{A080FC55-7E49-482A-84C8-3D08416D1570}.Debug|Any CPU.ActiveCfg = Debug|Any CPU
		{A080FC55-7E49-482A-84C8-3D08416D1570}.Debug|Any CPU.Build.0 = Debug|Any CPU
		{A080FC55-7E49-482A-84C8-3D08416D1570}.Release|Any CPU.ActiveCfg = Release|Any CPU
		{A080FC55-7E49-482A-84C8-3D08416D1570}.Release|Any CPU.Build.0 = Release|Any CPU
		{F98A1E6D-4E18-4A8D-BC7B-7445FFF1FD54}.Debug|Any CPU.ActiveCfg = Debug|Any CPU
		{F98A1E6D-4E18-4A8D-BC7B-7445FFF1FD54}.Debug|Any CPU.Build.0 = Debug|Any CPU
		{F98A1E6D-4E18-4A8D-BC7B-7445FFF1FD54}.Release|Any CPU.ActiveCfg = Release|Any CPU
		{F98A1E6D-4E18-4A8D-BC7B-7445FFF1FD54}.Release|Any CPU.Build.0 = Release|Any CPU
		{DE519C70-4068-4E0B-B4CC-52686A1065FA}.Debug|Any CPU.ActiveCfg = Debug|Any CPU
		{DE519C70-4068-4E0B-B4CC-52686A1065FA}.Debug|Any CPU.Build.0 = Debug|Any CPU
		{DE519C70-4068-4E0B-B4CC-52686A1065FA}.Release|Any CPU.ActiveCfg = Release|Any CPU
		{DE519C70-4068-4E0B-B4CC-52686A1065FA}.Release|Any CPU.Build.0 = Release|Any CPU
		{973306CE-556E-410F-AEA5-138C86843839}.Debug|Any CPU.ActiveCfg = Debug|Any CPU
		{973306CE-556E-410F-AEA5-138C86843839}.Debug|Any CPU.Build.0 = Debug|Any CPU
		{973306CE-556E-410F-AEA5-138C86843839}.Release|Any CPU.ActiveCfg = Release|Any CPU
		{973306CE-556E-410F-AEA5-138C86843839}.Release|Any CPU.Build.0 = Release|Any CPU
		{9B292521-90DC-4439-B734-72A29E598FBA}.Debug|Any CPU.ActiveCfg = Debug|Any CPU
		{9B292521-90DC-4439-B734-72A29E598FBA}.Debug|Any CPU.Build.0 = Debug|Any CPU
		{9B292521-90DC-4439-B734-72A29E598FBA}.Release|Any CPU.ActiveCfg = Release|Any CPU
		{9B292521-90DC-4439-B734-72A29E598FBA}.Release|Any CPU.Build.0 = Release|Any CPU
		{B96EB2A6-5FEB-494D-97E2-C1866A7E70BA}.Debug|Any CPU.ActiveCfg = Debug|Any CPU
		{B96EB2A6-5FEB-494D-97E2-C1866A7E70BA}.Debug|Any CPU.Build.0 = Debug|Any CPU
		{B96EB2A6-5FEB-494D-97E2-C1866A7E70BA}.Release|Any CPU.ActiveCfg = Release|Any CPU
		{B96EB2A6-5FEB-494D-97E2-C1866A7E70BA}.Release|Any CPU.Build.0 = Release|Any CPU
		{62977B10-DB0B-4EF1-AD56-0307FC0C10B1}.Debug|Any CPU.ActiveCfg = Debug|Any CPU
		{62977B10-DB0B-4EF1-AD56-0307FC0C10B1}.Debug|Any CPU.Build.0 = Debug|Any CPU
		{62977B10-DB0B-4EF1-AD56-0307FC0C10B1}.Release|Any CPU.ActiveCfg = Release|Any CPU
		{62977B10-DB0B-4EF1-AD56-0307FC0C10B1}.Release|Any CPU.Build.0 = Release|Any CPU
		{3128FC47-1FE6-4C2B-A060-20F9CB5BD9C1}.Debug|Any CPU.ActiveCfg = Debug|Any CPU
		{3128FC47-1FE6-4C2B-A060-20F9CB5BD9C1}.Debug|Any CPU.Build.0 = Debug|Any CPU
		{3128FC47-1FE6-4C2B-A060-20F9CB5BD9C1}.Release|Any CPU.ActiveCfg = Release|Any CPU
		{3128FC47-1FE6-4C2B-A060-20F9CB5BD9C1}.Release|Any CPU.Build.0 = Release|Any CPU
	EndGlobalSection
	GlobalSection(SolutionProperties) = preSolution
		HideSolutionNode = FALSE
	EndGlobalSection
	GlobalSection(NestedProjects) = preSolution
		{22EB32DC-B8D6-4FB2-B2B0-72774B7C2AE2} = {24619C1F-2A64-4F0E-AD77-BA1779D405CC}
		{DB3A0237-DDFA-4AAC-ACF8-429AE5F427D1} = {24619C1F-2A64-4F0E-AD77-BA1779D405CC}
		{32392BEF-0C22-44E9-A755-0C7041E8CE5E} = {24619C1F-2A64-4F0E-AD77-BA1779D405CC}
		{B2FFD2F4-3B7A-4976-B8B7-33DDE0E89421} = {24619C1F-2A64-4F0E-AD77-BA1779D405CC}
		{A14FEFB1-DBFA-445C-887C-C149FA349479} = {24619C1F-2A64-4F0E-AD77-BA1779D405CC}
		{F320C05D-A629-46C9-B7D7-D7A8DA31841E} = {FD0A457F-ECD0-48F0-A2C1-FD92C67F6264}
		{6CE082C4-25A7-4B9D-9569-F9B79D8E491B} = {FD0A457F-ECD0-48F0-A2C1-FD92C67F6264}
		{53448793-CBA8-4EA5-9CB8-DCDB4882F305} = {FD0A457F-ECD0-48F0-A2C1-FD92C67F6264}
		{C53506CB-24C1-4A39-A6FF-418FE28EFD33} = {FD0A457F-ECD0-48F0-A2C1-FD92C67F6264}
		{224E375D-C375-4A72-A571-7648E605C4A5} = {FD0A457F-ECD0-48F0-A2C1-FD92C67F6264}
		{318ECA2C-A696-49E1-B7B3-9CBFFE920144} = {E4B8B6E0-594D-4A40-AB5B-3E562FFEFB63}
		{A080FC55-7E49-482A-84C8-3D08416D1570} = {E4B8B6E0-594D-4A40-AB5B-3E562FFEFB63}
		{F98A1E6D-4E18-4A8D-BC7B-7445FFF1FD54} = {E4B8B6E0-594D-4A40-AB5B-3E562FFEFB63}
		{DE519C70-4068-4E0B-B4CC-52686A1065FA} = {E4B8B6E0-594D-4A40-AB5B-3E562FFEFB63}
		{973306CE-556E-410F-AEA5-138C86843839} = {AA25E1B8-E19D-4ACC-99B2-C259692FDEF1}
		{9B292521-90DC-4439-B734-72A29E598FBA} = {AA25E1B8-E19D-4ACC-99B2-C259692FDEF1}
		{B96EB2A6-5FEB-494D-97E2-C1866A7E70BA} = {AA25E1B8-E19D-4ACC-99B2-C259692FDEF1}
		{62977B10-DB0B-4EF1-AD56-0307FC0C10B1} = {AA25E1B8-E19D-4ACC-99B2-C259692FDEF1}
		{3128FC47-1FE6-4C2B-A060-20F9CB5BD9C1} = {7EDB0E71-8B09-4E33-8AC1-49E024C1CE89}
	EndGlobalSection
	GlobalSection(ExtensibilityGlobals) = postSolution
		SolutionGuid = {68201807-9FC3-4496-ADD3-347DF35C0A46}
	EndGlobalSection
EndGlobal
